PODS:
  - JBChartView (2.5.5)
  - MagicalRecord (2.3.0-beta.3):
    - MagicalRecord/Core
  - MagicalRecord/Core (2.3.0-beta.3)
  - ODDPolynomial (0.4.0)
  - pop (1.0.6)
  - SSFlatDatePicker (0.9.0)
  - TimesSquare (1.0.2)
  - XYPieChart (0.2)

DEPENDENCIES:
  - JBChartView (~> 2.5.5)
  - MagicalRecord (from `https://github.com/magicalpanda/MagicalRecord.git`)
  - ODDPolynomial (from `https://github.com/jjojohjohn/ODDPolynomial.git`)
  - pop (from `https://github.com/facebook/pop.git`)
  - SSFlatDatePicker (from `https://github.com/mattchiang777/FlatDatePicker.git`)
  - TimesSquare (from `https://github.com/jjojohjohn/objc-TimesSquare.git`)
  - XYPieChart (from `https://github.com/xyfeng/XYPieChart.git`)

EXTERNAL SOURCES:
  MagicalRecord:
    :git: https://github.com/magicalpanda/MagicalRecord.git
  ODDPolynomial:
    :git: https://github.com/jjojohjohn/ODDPolynomial.git
  pop:
    :git: https://github.com/facebook/pop.git
  SSFlatDatePicker:
    :git: https://github.com/mattchiang777/FlatDatePicker.git
  TimesSquare:
    :git: https://github.com/jjojohjohn/objc-TimesSquare.git
  XYPieChart:
    :git: https://github.com/xyfeng/XYPieChart.git

SPEC CHECKSUMS:
  JBChartView: 666486d81dd16fa0cfac7bc32b4b70d6c52e7162
  MagicalRecord: 23dfe0350eab4767cc1ce7d247af4e4cd54ee72c
  ODDPolynomial: 1c6d0cf1a4e484f4cffca298bd8775b48108c5ab
  pop: 6df6021f2f4efd89ee1c8c49a753296859ad5ac6
  SSFlatDatePicker: 367da658974bb13c2498ab7847750d6cdb2c17c7
  TimesSquare: 5d1a173a0e8e9889c64a8654fdf494c719b938f7
  XYPieChart: 17fa4ce063f09cf60716ff6974cfb5930bdc6afd

COCOAPODS: 0.33.1
