// !$*UTF8*$!
{
	archiveVersion = 1;
	classes = {
	};
	objectVersion = 46;
	objects = {

/* Begin PBXBuildFile section */
		0B965EC9DBBC4996B5B5256B /* libPods.a in Frameworks */ = {isa = PBXBuildFile; fileRef = F4DC1B69D0EB48DE9F6257FF /* libPods.a */; };
		C419C81A195D89CD008AE325 /* CalendarTabSelected60.png in Resources */ = {isa = PBXBuildFile; fileRef = C419C80A195D89CD008AE325 /* CalendarTabSelected60.png */; };
		C419C81B195D89CD008AE325 /* CalendarTabSelected60@2x.png in Resources */ = {isa = PBXBuildFile; fileRef = C419C80B195D89CD008AE325 /* CalendarTabSelected60@2x.png */; };
		C419C81C195D89CD008AE325 /* CalendarTabUnselected60.png in Resources */ = {isa = PBXBuildFile; fileRef = C419C80C195D89CD008AE325 /* CalendarTabUnselected60.png */; };
		C419C81D195D89CD008AE325 /* CalendarTabUnselected60@2x.png in Resources */ = {isa = PBXBuildFile; fileRef = C419C80D195D89CD008AE325 /* CalendarTabUnselected60@2x.png */; };
		C419C81E195D89CD008AE325 /* GraphTabSelected60.png in Resources */ = {isa = PBXBuildFile; fileRef = C419C80E195D89CD008AE325 /* GraphTabSelected60.png */; };
		C419C81F195D89CD008AE325 /* GraphTabSelected60@2x.png in Resources */ = {isa = PBXBuildFile; fileRef = C419C80F195D89CD008AE325 /* GraphTabSelected60@2x.png */; };
		C419C820195D89CD008AE325 /* GraphTabUnselected60.png in Resources */ = {isa = PBXBuildFile; fileRef = C419C810195D89CD008AE325 /* GraphTabUnselected60.png */; };
		C419C821195D89CD008AE325 /* GraphTabUnselected60@2x.png in Resources */ = {isa = PBXBuildFile; fileRef = C419C811195D89CD008AE325 /* GraphTabUnselected60@2x.png */; };
		C419C822195D89CD008AE325 /* SettingsTabSelected60.png in Resources */ = {isa = PBXBuildFile; fileRef = C419C812195D89CD008AE325 /* SettingsTabSelected60.png */; };
		C419C823195D89CD008AE325 /* SettingsTabSelected60@2x.png in Resources */ = {isa = PBXBuildFile; fileRef = C419C813195D89CD008AE325 /* SettingsTabSelected60@2x.png */; };
		C419C824195D89CD008AE325 /* SettingsTabUnselected60.png in Resources */ = {isa = PBXBuildFile; fileRef = C419C814195D89CD008AE325 /* SettingsTabUnselected60.png */; };
		C419C825195D89CD008AE325 /* SettingsTabUnselected60@2x.png in Resources */ = {isa = PBXBuildFile; fileRef = C419C815195D89CD008AE325 /* SettingsTabUnselected60@2x.png */; };
		C419C826195D89CD008AE325 /* TodayTabSelected60.png in Resources */ = {isa = PBXBuildFile; fileRef = C419C816195D89CD008AE325 /* TodayTabSelected60.png */; };
		C419C827195D89CD008AE325 /* TodayTabSelected60@2x.png in Resources */ = {isa = PBXBuildFile; fileRef = C419C817195D89CD008AE325 /* TodayTabSelected60@2x.png */; };
		C419C828195D89CD008AE325 /* TodayTabUnselected60.png in Resources */ = {isa = PBXBuildFile; fileRef = C419C818195D89CD008AE325 /* TodayTabUnselected60.png */; };
		C419C829195D89CD008AE325 /* TodayTabUnselected60@2x.png in Resources */ = {isa = PBXBuildFile; fileRef = C419C819195D89CD008AE325 /* TodayTabUnselected60@2x.png */; };
		C419C837195DA45D008AE325 /* Happyness_1.png in Resources */ = {isa = PBXBuildFile; fileRef = C419C82D195DA45D008AE325 /* Happyness_1.png */; };
		C419C838195DA45D008AE325 /* Happyness_1@2x.png in Resources */ = {isa = PBXBuildFile; fileRef = C419C82E195DA45D008AE325 /* Happyness_1@2x.png */; };
		C419C839195DA45D008AE325 /* Happyness_2.png in Resources */ = {isa = PBXBuildFile; fileRef = C419C82F195DA45D008AE325 /* Happyness_2.png */; };
		C419C83A195DA45D008AE325 /* Happyness_2@2x.png in Resources */ = {isa = PBXBuildFile; fileRef = C419C830195DA45D008AE325 /* Happyness_2@2x.png */; };
		C419C83B195DA45D008AE325 /* Happyness_3.png in Resources */ = {isa = PBXBuildFile; fileRef = C419C831195DA45D008AE325 /* Happyness_3.png */; };
		C419C83C195DA45D008AE325 /* Happyness_3@2x.png in Resources */ = {isa = PBXBuildFile; fileRef = C419C832195DA45D008AE325 /* Happyness_3@2x.png */; };
		C419C83D195DA45D008AE325 /* Happyness_4.png in Resources */ = {isa = PBXBuildFile; fileRef = C419C833195DA45D008AE325 /* Happyness_4.png */; };
		C419C83E195DA45D008AE325 /* Happyness_4@2x.png in Resources */ = {isa = PBXBuildFile; fileRef = C419C834195DA45D008AE325 /* Happyness_4@2x.png */; };
		C419C83F195DA45D008AE325 /* Happyness_5.png in Resources */ = {isa = PBXBuildFile; fileRef = C419C835195DA45D008AE325 /* Happyness_5.png */; };
		C419C840195DA45D008AE325 /* Happyness_5@2x.png in Resources */ = {isa = PBXBuildFile; fileRef = C419C836195DA45D008AE325 /* Happyness_5@2x.png */; };
		C4669CCD194F81CD00F82109 /* ODDHappynessEntry.m in Sources */ = {isa = PBXBuildFile; fileRef = C4669CCC194F81CD00F82109 /* ODDHappynessEntry.m */; };
		C4669CD0194F823200F82109 /* ODDHappyness.m in Sources */ = {isa = PBXBuildFile; fileRef = C4669CCF194F823200F82109 /* ODDHappyness.m */; };
		C4669CD3194F824C00F82109 /* ODDHappynessEntryStore.m in Sources */ = {isa = PBXBuildFile; fileRef = C4669CD2194F824C00F82109 /* ODDHappynessEntryStore.m */; };
		C4669CD6194F980D00F82109 /* ODDNote.m in Sources */ = {isa = PBXBuildFile; fileRef = C4669CD5194F980D00F82109 /* ODDNote.m */; };
		C4854D7E19523395006F34FF /* ODDHappynessView.m in Sources */ = {isa = PBXBuildFile; fileRef = C4854D7D19523395006F34FF /* ODDHappynessView.m */; };
		C48A49D1195378DA009C6E59 /* ODDTodayNoteView.m in Sources */ = {isa = PBXBuildFile; fileRef = C48A49D0195378DA009C6E59 /* ODDTodayNoteView.m */; };
		D124B1411953A20E00A9F687 /* ODDLineGraphViewController.m in Sources */ = {isa = PBXBuildFile; fileRef = D124B1401953A20E00A9F687 /* ODDLineGraphViewController.m */; };
		D124B1441953A21500A9F687 /* ODDBarGraphViewController.m in Sources */ = {isa = PBXBuildFile; fileRef = D124B1431953A21500A9F687 /* ODDBarGraphViewController.m */; };
		D124B1471956518600A9F687 /* ODDGraphViewController.m in Sources */ = {isa = PBXBuildFile; fileRef = D124B1461956518600A9F687 /* ODDGraphViewController.m */; };
		D124B156195A7E4700A9F687 /* ODDGraphFooterView.m in Sources */ = {isa = PBXBuildFile; fileRef = D124B155195A7E4700A9F687 /* ODDGraphFooterView.m */; };
		D124B159195A7E4F00A9F687 /* ODDGraphSiderView.m in Sources */ = {isa = PBXBuildFile; fileRef = D124B158195A7E4F00A9F687 /* ODDGraphSiderView.m */; };
		D13F4C5C194F6A68003873B0 /* Foundation.framework in Frameworks */ = {isa = PBXBuildFile; fileRef = D13F4C5B194F6A68003873B0 /* Foundation.framework */; };
		D13F4C5E194F6A68003873B0 /* CoreGraphics.framework in Frameworks */ = {isa = PBXBuildFile; fileRef = D13F4C5D194F6A68003873B0 /* CoreGraphics.framework */; };
		D13F4C60194F6A68003873B0 /* UIKit.framework in Frameworks */ = {isa = PBXBuildFile; fileRef = D13F4C5F194F6A68003873B0 /* UIKit.framework */; };
		D13F4C66194F6A68003873B0 /* InfoPlist.strings in Resources */ = {isa = PBXBuildFile; fileRef = D13F4C64194F6A68003873B0 /* InfoPlist.strings */; };
		D13F4C68194F6A68003873B0 /* main.m in Sources */ = {isa = PBXBuildFile; fileRef = D13F4C67194F6A68003873B0 /* main.m */; };
		D13F4C6C194F6A68003873B0 /* ODDAppDelegate.m in Sources */ = {isa = PBXBuildFile; fileRef = D13F4C6B194F6A68003873B0 /* ODDAppDelegate.m */; };
		D13F4C6E194F6A68003873B0 /* Images.xcassets in Resources */ = {isa = PBXBuildFile; fileRef = D13F4C6D194F6A68003873B0 /* Images.xcassets */; };
		D13F4C75194F6A69003873B0 /* XCTest.framework in Frameworks */ = {isa = PBXBuildFile; fileRef = D13F4C74194F6A69003873B0 /* XCTest.framework */; };
		D13F4C76194F6A69003873B0 /* Foundation.framework in Frameworks */ = {isa = PBXBuildFile; fileRef = D13F4C5B194F6A68003873B0 /* Foundation.framework */; };
		D13F4C77194F6A69003873B0 /* UIKit.framework in Frameworks */ = {isa = PBXBuildFile; fileRef = D13F4C5F194F6A68003873B0 /* UIKit.framework */; };
		D13F4C7F194F6A69003873B0 /* InfoPlist.strings in Resources */ = {isa = PBXBuildFile; fileRef = D13F4C7D194F6A69003873B0 /* InfoPlist.strings */; };
		D13F4C81194F6A69003873B0 /* HappynessTests.m in Sources */ = {isa = PBXBuildFile; fileRef = D13F4C80194F6A69003873B0 /* HappynessTests.m */; };
		D175C2751965BF1B00A1E3CD /* ODDCurveFittingViewController.m in Sources */ = {isa = PBXBuildFile; fileRef = D175C2741965BF1B00A1E3CD /* ODDCurveFittingViewController.m */; };
		D175C2791965BF3500A1E3CD /* ODDDayAveragesViewController.m in Sources */ = {isa = PBXBuildFile; fileRef = D175C2781965BF3500A1E3CD /* ODDDayAveragesViewController.m */; };
		D19767171969F53D00CF7E19 /* ODDColoredAxisView.m in Sources */ = {isa = PBXBuildFile; fileRef = D19767161969F53D00CF7E19 /* ODDColoredAxisView.m */; };
		D1AAF2661968869100332F59 /* ODDRootViewController.m in Sources */ = {isa = PBXBuildFile; fileRef = D1AAF2651968869100332F59 /* ODDRootViewController.m */; };
		D1AAF26C196888FA00332F59 /* ODDRootScrollView.m in Sources */ = {isa = PBXBuildFile; fileRef = D1AAF26B196888FA00332F59 /* ODDRootScrollView.m */; };
		D1D4A1FF196A679200340234 /* ODDManyGraphsViewController.m in Sources */ = {isa = PBXBuildFile; fileRef = D1D4A1FE196A679200340234 /* ODDManyGraphsViewController.m */; };
		D1DBDE5119631C4C00003762 /* ODDGraphAxis.m in Sources */ = {isa = PBXBuildFile; fileRef = D1DBDE5019631C4C00003762 /* ODDGraphAxis.m */; };
		D1DBDE5419646B7300003762 /* ODDDoubleArrayHolder.m in Sources */ = {isa = PBXBuildFile; fileRef = D1DBDE5319646B7300003762 /* ODDDoubleArrayHolder.m */; };
		D1F74C8C196DFF5500AF0EC6 /* ODDCardScrollViewController.m in Sources */ = {isa = PBXBuildFile; fileRef = D1F74C8B196DFF5500AF0EC6 /* ODDCardScrollViewController.m */; };
		D1F74C8F196E1A4B00AF0EC6 /* ODDCardCollectionViewLayout.m in Sources */ = {isa = PBXBuildFile; fileRef = D1F74C8E196E1A4B00AF0EC6 /* ODDCardCollectionViewLayout.m */; };
		EB12A46D19535948001F47B6 /* ODDHappynessEntryView.xib in Resources */ = {isa = PBXBuildFile; fileRef = EB12A46C19535948001F47B6 /* ODDHappynessEntryView.xib */; };
		EB1F9CA1195BFA8C00567A31 /* ODDCalendarRowCell.m in Sources */ = {isa = PBXBuildFile; fileRef = EB1F9CA0195BFA8C00567A31 /* ODDCalendarRowCell.m */; };
		EB362C48195F407A00F6BA76 /* ODDCalendarTabImageView.m in Sources */ = {isa = PBXBuildFile; fileRef = EB362C47195F407A00F6BA76 /* ODDCalendarTabImageView.m */; };
		EB362C51195F490800F6BA76 /* CalendarRow@2x.png in Resources */ = {isa = PBXBuildFile; fileRef = EB362C4A195F490800F6BA76 /* CalendarRow@2x.png */; };
		EB362C52195F490800F6BA76 /* CalendarRowBottom@2x.png in Resources */ = {isa = PBXBuildFile; fileRef = EB362C4B195F490800F6BA76 /* CalendarRowBottom@2x.png */; };
		EB362C53195F490800F6BA76 /* oddLook_calendar_1.png in Resources */ = {isa = PBXBuildFile; fileRef = EB362C4C195F490800F6BA76 /* oddLook_calendar_1.png */; };
		EB362C54195F490800F6BA76 /* oddLook_calendar_2.png in Resources */ = {isa = PBXBuildFile; fileRef = EB362C4D195F490800F6BA76 /* oddLook_calendar_2.png */; };
		EB362C55195F490800F6BA76 /* oddLook_calendar_3.png in Resources */ = {isa = PBXBuildFile; fileRef = EB362C4E195F490800F6BA76 /* oddLook_calendar_3.png */; };
		EB362C56195F490800F6BA76 /* oddLook_calendar_4.png in Resources */ = {isa = PBXBuildFile; fileRef = EB362C4F195F490800F6BA76 /* oddLook_calendar_4.png */; };
		EB362C57195F490800F6BA76 /* oddLook_calendar_5.png in Resources */ = {isa = PBXBuildFile; fileRef = EB362C50195F490800F6BA76 /* oddLook_calendar_5.png */; };
		EB3AFE61196A44FE00DCC571 /* decreasing@2x.png in Resources */ = {isa = PBXBuildFile; fileRef = EB3AFE5F196A44FE00DCC571 /* decreasing@2x.png */; };
		EB3AFE62196A44FE00DCC571 /* increasing@2x.png in Resources */ = {isa = PBXBuildFile; fileRef = EB3AFE60196A44FE00DCC571 /* increasing@2x.png */; };
		EB658FAA1951385A00A13987 /* ODDCalendarViewController.m in Sources */ = {isa = PBXBuildFile; fileRef = EB658FA91951385A00A13987 /* ODDCalendarViewController.m */; };
		EB6D6F891951695C00A1A164 /* ODDHappynessEntryView.m in Sources */ = {isa = PBXBuildFile; fileRef = EB6D6F881951695C00A1A164 /* ODDHappynessEntryView.m */; };
		EB99473A195AA99C0095DA5B /* ODDCalendarView.m in Sources */ = {isa = PBXBuildFile; fileRef = EB994739195AA99C0095DA5B /* ODDCalendarView.m */; };
		EBACA5091969127C00DBB69A /* ODDOverallCalendarViewController.m in Sources */ = {isa = PBXBuildFile; fileRef = EBACA5081969127C00DBB69A /* ODDOverallCalendarViewController.m */; };
		EBACA50B1969129100DBB69A /* ODDOverallCalendarViewController.xib in Resources */ = {isa = PBXBuildFile; fileRef = EBACA50A1969129100DBB69A /* ODDOverallCalendarViewController.xib */; };
		EBD13C3019513F71007EF6D0 /* ODDCalendarNavigationViewController.m in Sources */ = {isa = PBXBuildFile; fileRef = EBD13C2F19513F71007EF6D0 /* ODDCalendarNavigationViewController.m */; };
		EBD388461961F1C8000A41A1 /* ODDPreviousDayViewController.m in Sources */ = {isa = PBXBuildFile; fileRef = EBD388441961F1C8000A41A1 /* ODDPreviousDayViewController.m */; };
		EBE2BD54194FDA0D0023E9F4 /* ODDCustomColor.m in Sources */ = {isa = PBXBuildFile; fileRef = EBE2BD53194FDA0D0023E9F4 /* ODDCustomColor.m */; };
		EBE2BD57194FF0BD0023E9F4 /* ODDCustomTabBarController.m in Sources */ = {isa = PBXBuildFile; fileRef = EBE2BD56194FF0BD0023E9F4 /* ODDCustomTabBarController.m */; };
		EBE2BD67194FFFDB0023E9F4 /* ODDTodayViewController.m in Sources */ = {isa = PBXBuildFile; fileRef = EBE2BD65194FFFDB0023E9F4 /* ODDTodayViewController.m */; };
		EBE2BD68194FFFDB0023E9F4 /* ODDTodayViewController.xib in Resources */ = {isa = PBXBuildFile; fileRef = EBE2BD66194FFFDB0023E9F4 /* ODDTodayViewController.xib */; };
		EBE2BD79195000150023E9F4 /* ODDSettingsViewController.m in Sources */ = {isa = PBXBuildFile; fileRef = EBE2BD77195000150023E9F4 /* ODDSettingsViewController.m */; };
		EBE2BD7A195000150023E9F4 /* ODDSettingsViewController.xib in Resources */ = {isa = PBXBuildFile; fileRef = EBE2BD78195000150023E9F4 /* ODDSettingsViewController.xib */; };
		EBF23208195C91C0003E29AC /* ODDTimelineTableViewController.m in Sources */ = {isa = PBXBuildFile; fileRef = EBF23207195C91C0003E29AC /* ODDTimelineTableViewController.m */; };
/* End PBXBuildFile section */

/* Begin PBXContainerItemProxy section */
		D13F4C78194F6A69003873B0 /* PBXContainerItemProxy */ = {
			isa = PBXContainerItemProxy;
			containerPortal = D13F4C50194F6A68003873B0 /* Project object */;
			proxyType = 1;
			remoteGlobalIDString = D13F4C57194F6A68003873B0;
			remoteInfo = Happyness;
		};
/* End PBXContainerItemProxy section */

/* Begin PBXFileReference section */
		12333AFD44A64D3197FEF77F /* Pods.xcconfig */ = {isa = PBXFileReference; includeInIndex = 1; lastKnownFileType = text.xcconfig; name = Pods.xcconfig; path = Pods/Pods.xcconfig; sourceTree = "<group>"; };
		C419C80A195D89CD008AE325 /* CalendarTabSelected60.png */ = {isa = PBXFileReference; lastKnownFileType = image.png; path = CalendarTabSelected60.png; sourceTree = "<group>"; };
		C419C80B195D89CD008AE325 /* CalendarTabSelected60@2x.png */ = {isa = PBXFileReference; lastKnownFileType = image.png; path = "CalendarTabSelected60@2x.png"; sourceTree = "<group>"; };
		C419C80C195D89CD008AE325 /* CalendarTabUnselected60.png */ = {isa = PBXFileReference; lastKnownFileType = image.png; path = CalendarTabUnselected60.png; sourceTree = "<group>"; };
		C419C80D195D89CD008AE325 /* CalendarTabUnselected60@2x.png */ = {isa = PBXFileReference; lastKnownFileType = image.png; path = "CalendarTabUnselected60@2x.png"; sourceTree = "<group>"; };
		C419C80E195D89CD008AE325 /* GraphTabSelected60.png */ = {isa = PBXFileReference; lastKnownFileType = image.png; path = GraphTabSelected60.png; sourceTree = "<group>"; };
		C419C80F195D89CD008AE325 /* GraphTabSelected60@2x.png */ = {isa = PBXFileReference; lastKnownFileType = image.png; path = "GraphTabSelected60@2x.png"; sourceTree = "<group>"; };
		C419C810195D89CD008AE325 /* GraphTabUnselected60.png */ = {isa = PBXFileReference; lastKnownFileType = image.png; path = GraphTabUnselected60.png; sourceTree = "<group>"; };
		C419C811195D89CD008AE325 /* GraphTabUnselected60@2x.png */ = {isa = PBXFileReference; lastKnownFileType = image.png; path = "GraphTabUnselected60@2x.png"; sourceTree = "<group>"; };
		C419C812195D89CD008AE325 /* SettingsTabSelected60.png */ = {isa = PBXFileReference; lastKnownFileType = image.png; path = SettingsTabSelected60.png; sourceTree = "<group>"; };
		C419C813195D89CD008AE325 /* SettingsTabSelected60@2x.png */ = {isa = PBXFileReference; lastKnownFileType = image.png; path = "SettingsTabSelected60@2x.png"; sourceTree = "<group>"; };
		C419C814195D89CD008AE325 /* SettingsTabUnselected60.png */ = {isa = PBXFileReference; lastKnownFileType = image.png; path = SettingsTabUnselected60.png; sourceTree = "<group>"; };
		C419C815195D89CD008AE325 /* SettingsTabUnselected60@2x.png */ = {isa = PBXFileReference; lastKnownFileType = image.png; path = "SettingsTabUnselected60@2x.png"; sourceTree = "<group>"; };
		C419C816195D89CD008AE325 /* TodayTabSelected60.png */ = {isa = PBXFileReference; lastKnownFileType = image.png; path = TodayTabSelected60.png; sourceTree = "<group>"; };
		C419C817195D89CD008AE325 /* TodayTabSelected60@2x.png */ = {isa = PBXFileReference; lastKnownFileType = image.png; path = "TodayTabSelected60@2x.png"; sourceTree = "<group>"; };
		C419C818195D89CD008AE325 /* TodayTabUnselected60.png */ = {isa = PBXFileReference; lastKnownFileType = image.png; path = TodayTabUnselected60.png; sourceTree = "<group>"; };
		C419C819195D89CD008AE325 /* TodayTabUnselected60@2x.png */ = {isa = PBXFileReference; lastKnownFileType = image.png; path = "TodayTabUnselected60@2x.png"; sourceTree = "<group>"; };
		C419C82D195DA45D008AE325 /* Happyness_1.png */ = {isa = PBXFileReference; lastKnownFileType = image.png; path = Happyness_1.png; sourceTree = "<group>"; };
		C419C82E195DA45D008AE325 /* Happyness_1@2x.png */ = {isa = PBXFileReference; lastKnownFileType = image.png; path = "Happyness_1@2x.png"; sourceTree = "<group>"; };
		C419C82F195DA45D008AE325 /* Happyness_2.png */ = {isa = PBXFileReference; lastKnownFileType = image.png; path = Happyness_2.png; sourceTree = "<group>"; };
		C419C830195DA45D008AE325 /* Happyness_2@2x.png */ = {isa = PBXFileReference; lastKnownFileType = image.png; path = "Happyness_2@2x.png"; sourceTree = "<group>"; };
		C419C831195DA45D008AE325 /* Happyness_3.png */ = {isa = PBXFileReference; lastKnownFileType = image.png; path = Happyness_3.png; sourceTree = "<group>"; };
		C419C832195DA45D008AE325 /* Happyness_3@2x.png */ = {isa = PBXFileReference; lastKnownFileType = image.png; path = "Happyness_3@2x.png"; sourceTree = "<group>"; };
		C419C833195DA45D008AE325 /* Happyness_4.png */ = {isa = PBXFileReference; lastKnownFileType = image.png; path = Happyness_4.png; sourceTree = "<group>"; };
		C419C834195DA45D008AE325 /* Happyness_4@2x.png */ = {isa = PBXFileReference; lastKnownFileType = image.png; path = "Happyness_4@2x.png"; sourceTree = "<group>"; };
		C419C835195DA45D008AE325 /* Happyness_5.png */ = {isa = PBXFileReference; lastKnownFileType = image.png; path = Happyness_5.png; sourceTree = "<group>"; };
		C419C836195DA45D008AE325 /* Happyness_5@2x.png */ = {isa = PBXFileReference; lastKnownFileType = image.png; path = "Happyness_5@2x.png"; sourceTree = "<group>"; };
		C4669CCB194F81CD00F82109 /* ODDHappynessEntry.h */ = {isa = PBXFileReference; fileEncoding = 4; lastKnownFileType = sourcecode.c.h; path = ODDHappynessEntry.h; sourceTree = "<group>"; };
		C4669CCC194F81CD00F82109 /* ODDHappynessEntry.m */ = {isa = PBXFileReference; fileEncoding = 4; lastKnownFileType = sourcecode.c.objc; path = ODDHappynessEntry.m; sourceTree = "<group>"; };
		C4669CCE194F823200F82109 /* ODDHappyness.h */ = {isa = PBXFileReference; fileEncoding = 4; lastKnownFileType = sourcecode.c.h; path = ODDHappyness.h; sourceTree = "<group>"; };
		C4669CCF194F823200F82109 /* ODDHappyness.m */ = {isa = PBXFileReference; fileEncoding = 4; lastKnownFileType = sourcecode.c.objc; path = ODDHappyness.m; sourceTree = "<group>"; };
		C4669CD1194F824C00F82109 /* ODDHappynessEntryStore.h */ = {isa = PBXFileReference; fileEncoding = 4; lastKnownFileType = sourcecode.c.h; path = ODDHappynessEntryStore.h; sourceTree = "<group>"; };
		C4669CD2194F824C00F82109 /* ODDHappynessEntryStore.m */ = {isa = PBXFileReference; fileEncoding = 4; lastKnownFileType = sourcecode.c.objc; path = ODDHappynessEntryStore.m; sourceTree = "<group>"; };
		C4669CD4194F980D00F82109 /* ODDNote.h */ = {isa = PBXFileReference; fileEncoding = 4; lastKnownFileType = sourcecode.c.h; path = ODDNote.h; sourceTree = "<group>"; };
		C4669CD5194F980D00F82109 /* ODDNote.m */ = {isa = PBXFileReference; fileEncoding = 4; lastKnownFileType = sourcecode.c.objc; path = ODDNote.m; sourceTree = "<group>"; };
		C4854D7C19523395006F34FF /* ODDHappynessView.h */ = {isa = PBXFileReference; fileEncoding = 4; lastKnownFileType = sourcecode.c.h; path = ODDHappynessView.h; sourceTree = "<group>"; };
		C4854D7D19523395006F34FF /* ODDHappynessView.m */ = {isa = PBXFileReference; fileEncoding = 4; lastKnownFileType = sourcecode.c.objc; path = ODDHappynessView.m; sourceTree = "<group>"; };
		C48A49CF195378DA009C6E59 /* ODDTodayNoteView.h */ = {isa = PBXFileReference; fileEncoding = 4; lastKnownFileType = sourcecode.c.h; path = ODDTodayNoteView.h; sourceTree = "<group>"; };
		C48A49D0195378DA009C6E59 /* ODDTodayNoteView.m */ = {isa = PBXFileReference; fileEncoding = 4; lastKnownFileType = sourcecode.c.objc; path = ODDTodayNoteView.m; sourceTree = "<group>"; };
		D124B13F1953A20E00A9F687 /* ODDLineGraphViewController.h */ = {isa = PBXFileReference; fileEncoding = 4; lastKnownFileType = sourcecode.c.h; path = ODDLineGraphViewController.h; sourceTree = "<group>"; };
		D124B1401953A20E00A9F687 /* ODDLineGraphViewController.m */ = {isa = PBXFileReference; fileEncoding = 4; lastKnownFileType = sourcecode.c.objc; path = ODDLineGraphViewController.m; sourceTree = "<group>"; };
		D124B1421953A21500A9F687 /* ODDBarGraphViewController.h */ = {isa = PBXFileReference; fileEncoding = 4; lastKnownFileType = sourcecode.c.h; path = ODDBarGraphViewController.h; sourceTree = "<group>"; };
		D124B1431953A21500A9F687 /* ODDBarGraphViewController.m */ = {isa = PBXFileReference; fileEncoding = 4; lastKnownFileType = sourcecode.c.objc; path = ODDBarGraphViewController.m; sourceTree = "<group>"; };
		D124B1451956518600A9F687 /* ODDGraphViewController.h */ = {isa = PBXFileReference; fileEncoding = 4; lastKnownFileType = sourcecode.c.h; path = ODDGraphViewController.h; sourceTree = "<group>"; };
		D124B1461956518600A9F687 /* ODDGraphViewController.m */ = {isa = PBXFileReference; fileEncoding = 4; lastKnownFileType = sourcecode.c.objc; path = ODDGraphViewController.m; sourceTree = "<group>"; };
		D124B154195A7E4700A9F687 /* ODDGraphFooterView.h */ = {isa = PBXFileReference; fileEncoding = 4; lastKnownFileType = sourcecode.c.h; path = ODDGraphFooterView.h; sourceTree = "<group>"; };
		D124B155195A7E4700A9F687 /* ODDGraphFooterView.m */ = {isa = PBXFileReference; fileEncoding = 4; lastKnownFileType = sourcecode.c.objc; path = ODDGraphFooterView.m; sourceTree = "<group>"; };
		D124B157195A7E4E00A9F687 /* ODDGraphSiderView.h */ = {isa = PBXFileReference; fileEncoding = 4; lastKnownFileType = sourcecode.c.h; path = ODDGraphSiderView.h; sourceTree = "<group>"; };
		D124B158195A7E4F00A9F687 /* ODDGraphSiderView.m */ = {isa = PBXFileReference; fileEncoding = 4; lastKnownFileType = sourcecode.c.objc; path = ODDGraphSiderView.m; sourceTree = "<group>"; };
		D13F4C58194F6A68003873B0 /* Happyness.app */ = {isa = PBXFileReference; explicitFileType = wrapper.application; includeInIndex = 0; path = Happyness.app; sourceTree = BUILT_PRODUCTS_DIR; };
		D13F4C5B194F6A68003873B0 /* Foundation.framework */ = {isa = PBXFileReference; lastKnownFileType = wrapper.framework; name = Foundation.framework; path = System/Library/Frameworks/Foundation.framework; sourceTree = SDKROOT; };
		D13F4C5D194F6A68003873B0 /* CoreGraphics.framework */ = {isa = PBXFileReference; lastKnownFileType = wrapper.framework; name = CoreGraphics.framework; path = System/Library/Frameworks/CoreGraphics.framework; sourceTree = SDKROOT; };
		D13F4C5F194F6A68003873B0 /* UIKit.framework */ = {isa = PBXFileReference; lastKnownFileType = wrapper.framework; name = UIKit.framework; path = System/Library/Frameworks/UIKit.framework; sourceTree = SDKROOT; };
		D13F4C63194F6A68003873B0 /* Happyness-Info.plist */ = {isa = PBXFileReference; lastKnownFileType = text.plist.xml; path = "Happyness-Info.plist"; sourceTree = "<group>"; };
		D13F4C65194F6A68003873B0 /* en */ = {isa = PBXFileReference; lastKnownFileType = text.plist.strings; name = en; path = en.lproj/InfoPlist.strings; sourceTree = "<group>"; };
		D13F4C67194F6A68003873B0 /* main.m */ = {isa = PBXFileReference; lastKnownFileType = sourcecode.c.objc; path = main.m; sourceTree = "<group>"; };
		D13F4C69194F6A68003873B0 /* Happyness-Prefix.pch */ = {isa = PBXFileReference; lastKnownFileType = sourcecode.c.h; path = "Happyness-Prefix.pch"; sourceTree = "<group>"; };
		D13F4C6A194F6A68003873B0 /* ODDAppDelegate.h */ = {isa = PBXFileReference; lastKnownFileType = sourcecode.c.h; path = ODDAppDelegate.h; sourceTree = "<group>"; };
		D13F4C6B194F6A68003873B0 /* ODDAppDelegate.m */ = {isa = PBXFileReference; lastKnownFileType = sourcecode.c.objc; path = ODDAppDelegate.m; sourceTree = "<group>"; };
		D13F4C6D194F6A68003873B0 /* Images.xcassets */ = {isa = PBXFileReference; lastKnownFileType = folder.assetcatalog; path = Images.xcassets; sourceTree = "<group>"; };
		D13F4C73194F6A69003873B0 /* HappynessTests.xctest */ = {isa = PBXFileReference; explicitFileType = wrapper.cfbundle; includeInIndex = 0; path = HappynessTests.xctest; sourceTree = BUILT_PRODUCTS_DIR; };
		D13F4C74194F6A69003873B0 /* XCTest.framework */ = {isa = PBXFileReference; lastKnownFileType = wrapper.framework; name = XCTest.framework; path = Library/Frameworks/XCTest.framework; sourceTree = DEVELOPER_DIR; };
		D13F4C7C194F6A69003873B0 /* HappynessTests-Info.plist */ = {isa = PBXFileReference; lastKnownFileType = text.plist.xml; path = "HappynessTests-Info.plist"; sourceTree = "<group>"; };
		D13F4C7E194F6A69003873B0 /* en */ = {isa = PBXFileReference; lastKnownFileType = text.plist.strings; name = en; path = en.lproj/InfoPlist.strings; sourceTree = "<group>"; };
		D13F4C80194F6A69003873B0 /* HappynessTests.m */ = {isa = PBXFileReference; lastKnownFileType = sourcecode.c.objc; path = HappynessTests.m; sourceTree = "<group>"; };
		D175C2731965BF1B00A1E3CD /* ODDCurveFittingViewController.h */ = {isa = PBXFileReference; fileEncoding = 4; lastKnownFileType = sourcecode.c.h; path = ODDCurveFittingViewController.h; sourceTree = "<group>"; };
		D175C2741965BF1B00A1E3CD /* ODDCurveFittingViewController.m */ = {isa = PBXFileReference; fileEncoding = 4; lastKnownFileType = sourcecode.c.objc; path = ODDCurveFittingViewController.m; sourceTree = "<group>"; };
		D175C2771965BF3500A1E3CD /* ODDDayAveragesViewController.h */ = {isa = PBXFileReference; fileEncoding = 4; lastKnownFileType = sourcecode.c.h; path = ODDDayAveragesViewController.h; sourceTree = "<group>"; };
		D175C2781965BF3500A1E3CD /* ODDDayAveragesViewController.m */ = {isa = PBXFileReference; fileEncoding = 4; lastKnownFileType = sourcecode.c.objc; path = ODDDayAveragesViewController.m; sourceTree = "<group>"; };
		D197670E1968C6B800CF7E19 /* ODDViewSizeConstants.h */ = {isa = PBXFileReference; lastKnownFileType = sourcecode.c.h; path = ODDViewSizeConstants.h; sourceTree = "<group>"; };
		D19767101968C7A100CF7E19 /* ODDConstants.h */ = {isa = PBXFileReference; lastKnownFileType = sourcecode.c.h; path = ODDConstants.h; sourceTree = "<group>"; };
		D19767151969F53D00CF7E19 /* ODDColoredAxisView.h */ = {isa = PBXFileReference; fileEncoding = 4; lastKnownFileType = sourcecode.c.h; path = ODDColoredAxisView.h; sourceTree = "<group>"; };
		D19767161969F53D00CF7E19 /* ODDColoredAxisView.m */ = {isa = PBXFileReference; fileEncoding = 4; lastKnownFileType = sourcecode.c.objc; path = ODDColoredAxisView.m; sourceTree = "<group>"; };
		D1AAF2641968869100332F59 /* ODDRootViewController.h */ = {isa = PBXFileReference; fileEncoding = 4; lastKnownFileType = sourcecode.c.h; path = ODDRootViewController.h; sourceTree = "<group>"; };
		D1AAF2651968869100332F59 /* ODDRootViewController.m */ = {isa = PBXFileReference; fileEncoding = 4; lastKnownFileType = sourcecode.c.objc; path = ODDRootViewController.m; sourceTree = "<group>"; };
		D1AAF26A196888FA00332F59 /* ODDRootScrollView.h */ = {isa = PBXFileReference; fileEncoding = 4; lastKnownFileType = sourcecode.c.h; path = ODDRootScrollView.h; sourceTree = "<group>"; };
		D1AAF26B196888FA00332F59 /* ODDRootScrollView.m */ = {isa = PBXFileReference; fileEncoding = 4; lastKnownFileType = sourcecode.c.objc; path = ODDRootScrollView.m; sourceTree = "<group>"; };
		D1D4A1FD196A679200340234 /* ODDManyGraphsViewController.h */ = {isa = PBXFileReference; fileEncoding = 4; lastKnownFileType = sourcecode.c.h; path = ODDManyGraphsViewController.h; sourceTree = "<group>"; };
		D1D4A1FE196A679200340234 /* ODDManyGraphsViewController.m */ = {isa = PBXFileReference; fileEncoding = 4; lastKnownFileType = sourcecode.c.objc; path = ODDManyGraphsViewController.m; sourceTree = "<group>"; };
		D1DBDE4F19631C4C00003762 /* ODDGraphAxis.h */ = {isa = PBXFileReference; fileEncoding = 4; lastKnownFileType = sourcecode.c.h; path = ODDGraphAxis.h; sourceTree = "<group>"; };
		D1DBDE5019631C4C00003762 /* ODDGraphAxis.m */ = {isa = PBXFileReference; fileEncoding = 4; lastKnownFileType = sourcecode.c.objc; path = ODDGraphAxis.m; sourceTree = "<group>"; };
		D1DBDE5219646B7300003762 /* ODDDoubleArrayHolder.h */ = {isa = PBXFileReference; fileEncoding = 4; lastKnownFileType = sourcecode.c.h; path = ODDDoubleArrayHolder.h; sourceTree = "<group>"; };
		D1DBDE5319646B7300003762 /* ODDDoubleArrayHolder.m */ = {isa = PBXFileReference; fileEncoding = 4; lastKnownFileType = sourcecode.c.objc; path = ODDDoubleArrayHolder.m; sourceTree = "<group>"; };
		D1F74C8A196DFF5500AF0EC6 /* ODDCardScrollViewController.h */ = {isa = PBXFileReference; fileEncoding = 4; lastKnownFileType = sourcecode.c.h; path = ODDCardScrollViewController.h; sourceTree = "<group>"; };
		D1F74C8B196DFF5500AF0EC6 /* ODDCardScrollViewController.m */ = {isa = PBXFileReference; fileEncoding = 4; lastKnownFileType = sourcecode.c.objc; path = ODDCardScrollViewController.m; sourceTree = "<group>"; };
		D1F74C8D196E1A4B00AF0EC6 /* ODDCardCollectionViewLayout.h */ = {isa = PBXFileReference; fileEncoding = 4; lastKnownFileType = sourcecode.c.h; path = ODDCardCollectionViewLayout.h; sourceTree = "<group>"; };
		D1F74C8E196E1A4B00AF0EC6 /* ODDCardCollectionViewLayout.m */ = {isa = PBXFileReference; fileEncoding = 4; lastKnownFileType = sourcecode.c.objc; path = ODDCardCollectionViewLayout.m; sourceTree = "<group>"; };
		EB12A46C19535948001F47B6 /* ODDHappynessEntryView.xib */ = {isa = PBXFileReference; fileEncoding = 4; lastKnownFileType = file.xib; path = ODDHappynessEntryView.xib; sourceTree = "<group>"; };
		EB1F9C9F195BFA8C00567A31 /* ODDCalendarRowCell.h */ = {isa = PBXFileReference; fileEncoding = 4; lastKnownFileType = sourcecode.c.h; path = ODDCalendarRowCell.h; sourceTree = "<group>"; };
		EB1F9CA0195BFA8C00567A31 /* ODDCalendarRowCell.m */ = {isa = PBXFileReference; fileEncoding = 4; lastKnownFileType = sourcecode.c.objc; path = ODDCalendarRowCell.m; sourceTree = "<group>"; };
		EB362C46195F407A00F6BA76 /* ODDCalendarTabImageView.h */ = {isa = PBXFileReference; fileEncoding = 4; lastKnownFileType = sourcecode.c.h; path = ODDCalendarTabImageView.h; sourceTree = "<group>"; };
		EB362C47195F407A00F6BA76 /* ODDCalendarTabImageView.m */ = {isa = PBXFileReference; fileEncoding = 4; lastKnownFileType = sourcecode.c.objc; path = ODDCalendarTabImageView.m; sourceTree = "<group>"; };
		EB362C4A195F490800F6BA76 /* CalendarRow@2x.png */ = {isa = PBXFileReference; lastKnownFileType = image.png; path = "CalendarRow@2x.png"; sourceTree = "<group>"; };
		EB362C4B195F490800F6BA76 /* CalendarRowBottom@2x.png */ = {isa = PBXFileReference; lastKnownFileType = image.png; path = "CalendarRowBottom@2x.png"; sourceTree = "<group>"; };
		EB362C4C195F490800F6BA76 /* oddLook_calendar_1.png */ = {isa = PBXFileReference; lastKnownFileType = image.png; path = oddLook_calendar_1.png; sourceTree = "<group>"; };
		EB362C4D195F490800F6BA76 /* oddLook_calendar_2.png */ = {isa = PBXFileReference; lastKnownFileType = image.png; path = oddLook_calendar_2.png; sourceTree = "<group>"; };
		EB362C4E195F490800F6BA76 /* oddLook_calendar_3.png */ = {isa = PBXFileReference; lastKnownFileType = image.png; path = oddLook_calendar_3.png; sourceTree = "<group>"; };
		EB362C4F195F490800F6BA76 /* oddLook_calendar_4.png */ = {isa = PBXFileReference; lastKnownFileType = image.png; path = oddLook_calendar_4.png; sourceTree = "<group>"; };
		EB362C50195F490800F6BA76 /* oddLook_calendar_5.png */ = {isa = PBXFileReference; lastKnownFileType = image.png; path = oddLook_calendar_5.png; sourceTree = "<group>"; };
		EB3AFE5F196A44FE00DCC571 /* decreasing@2x.png */ = {isa = PBXFileReference; lastKnownFileType = image.png; path = "decreasing@2x.png"; sourceTree = "<group>"; };
		EB3AFE60196A44FE00DCC571 /* increasing@2x.png */ = {isa = PBXFileReference; lastKnownFileType = image.png; path = "increasing@2x.png"; sourceTree = "<group>"; };
		EB658FA81951385A00A13987 /* ODDCalendarViewController.h */ = {isa = PBXFileReference; fileEncoding = 4; lastKnownFileType = sourcecode.c.h; path = ODDCalendarViewController.h; sourceTree = "<group>"; };
		EB658FA91951385A00A13987 /* ODDCalendarViewController.m */ = {isa = PBXFileReference; fileEncoding = 4; lastKnownFileType = sourcecode.c.objc; path = ODDCalendarViewController.m; sourceTree = "<group>"; };
		EB6D6F871951695C00A1A164 /* ODDHappynessEntryView.h */ = {isa = PBXFileReference; fileEncoding = 4; lastKnownFileType = sourcecode.c.h; path = ODDHappynessEntryView.h; sourceTree = "<group>"; };
		EB6D6F881951695C00A1A164 /* ODDHappynessEntryView.m */ = {isa = PBXFileReference; fileEncoding = 4; lastKnownFileType = sourcecode.c.objc; path = ODDHappynessEntryView.m; sourceTree = "<group>"; };
		EB994738195AA99C0095DA5B /* ODDCalendarView.h */ = {isa = PBXFileReference; fileEncoding = 4; lastKnownFileType = sourcecode.c.h; path = ODDCalendarView.h; sourceTree = "<group>"; };
		EB994739195AA99C0095DA5B /* ODDCalendarView.m */ = {isa = PBXFileReference; fileEncoding = 4; lastKnownFileType = sourcecode.c.objc; path = ODDCalendarView.m; sourceTree = "<group>"; };
		EBACA5071969127C00DBB69A /* ODDOverallCalendarViewController.h */ = {isa = PBXFileReference; fileEncoding = 4; lastKnownFileType = sourcecode.c.h; path = ODDOverallCalendarViewController.h; sourceTree = "<group>"; };
		EBACA5081969127C00DBB69A /* ODDOverallCalendarViewController.m */ = {isa = PBXFileReference; fileEncoding = 4; lastKnownFileType = sourcecode.c.objc; path = ODDOverallCalendarViewController.m; sourceTree = "<group>"; };
		EBACA50A1969129100DBB69A /* ODDOverallCalendarViewController.xib */ = {isa = PBXFileReference; fileEncoding = 4; lastKnownFileType = file.xib; path = ODDOverallCalendarViewController.xib; sourceTree = "<group>"; };
		EBD13C2E19513F71007EF6D0 /* ODDCalendarNavigationViewController.h */ = {isa = PBXFileReference; fileEncoding = 4; lastKnownFileType = sourcecode.c.h; path = ODDCalendarNavigationViewController.h; sourceTree = "<group>"; };
		EBD13C2F19513F71007EF6D0 /* ODDCalendarNavigationViewController.m */ = {isa = PBXFileReference; fileEncoding = 4; lastKnownFileType = sourcecode.c.objc; path = ODDCalendarNavigationViewController.m; sourceTree = "<group>"; };
		EBD388431961F1C8000A41A1 /* ODDPreviousDayViewController.h */ = {isa = PBXFileReference; fileEncoding = 4; lastKnownFileType = sourcecode.c.h; path = ODDPreviousDayViewController.h; sourceTree = "<group>"; };
		EBD388441961F1C8000A41A1 /* ODDPreviousDayViewController.m */ = {isa = PBXFileReference; fileEncoding = 4; lastKnownFileType = sourcecode.c.objc; path = ODDPreviousDayViewController.m; sourceTree = "<group>"; };
		EBD388481961F822000A41A1 /* ODDHappynessHeader.h */ = {isa = PBXFileReference; lastKnownFileType = sourcecode.c.h; path = ODDHappynessHeader.h; sourceTree = "<group>"; };
		EBE2BD52194FDA0D0023E9F4 /* ODDCustomColor.h */ = {isa = PBXFileReference; fileEncoding = 4; lastKnownFileType = sourcecode.c.h; path = ODDCustomColor.h; sourceTree = "<group>"; };
		EBE2BD53194FDA0D0023E9F4 /* ODDCustomColor.m */ = {isa = PBXFileReference; fileEncoding = 4; lastKnownFileType = sourcecode.c.objc; path = ODDCustomColor.m; sourceTree = "<group>"; };
		EBE2BD55194FF0BD0023E9F4 /* ODDCustomTabBarController.h */ = {isa = PBXFileReference; fileEncoding = 4; lastKnownFileType = sourcecode.c.h; path = ODDCustomTabBarController.h; sourceTree = "<group>"; };
		EBE2BD56194FF0BD0023E9F4 /* ODDCustomTabBarController.m */ = {isa = PBXFileReference; fileEncoding = 4; lastKnownFileType = sourcecode.c.objc; path = ODDCustomTabBarController.m; sourceTree = "<group>"; };
		EBE2BD64194FFFDB0023E9F4 /* ODDTodayViewController.h */ = {isa = PBXFileReference; fileEncoding = 4; lastKnownFileType = sourcecode.c.h; path = ODDTodayViewController.h; sourceTree = "<group>"; };
		EBE2BD65194FFFDB0023E9F4 /* ODDTodayViewController.m */ = {isa = PBXFileReference; fileEncoding = 4; lastKnownFileType = sourcecode.c.objc; path = ODDTodayViewController.m; sourceTree = "<group>"; };
		EBE2BD66194FFFDB0023E9F4 /* ODDTodayViewController.xib */ = {isa = PBXFileReference; fileEncoding = 4; lastKnownFileType = file.xib; path = ODDTodayViewController.xib; sourceTree = "<group>"; };
		EBE2BD76195000150023E9F4 /* ODDSettingsViewController.h */ = {isa = PBXFileReference; fileEncoding = 4; lastKnownFileType = sourcecode.c.h; path = ODDSettingsViewController.h; sourceTree = "<group>"; };
		EBE2BD77195000150023E9F4 /* ODDSettingsViewController.m */ = {isa = PBXFileReference; fileEncoding = 4; lastKnownFileType = sourcecode.c.objc; path = ODDSettingsViewController.m; sourceTree = "<group>"; };
		EBE2BD78195000150023E9F4 /* ODDSettingsViewController.xib */ = {isa = PBXFileReference; fileEncoding = 4; lastKnownFileType = file.xib; path = ODDSettingsViewController.xib; sourceTree = "<group>"; };
		EBF23206195C91C0003E29AC /* ODDTimelineTableViewController.h */ = {isa = PBXFileReference; fileEncoding = 4; lastKnownFileType = sourcecode.c.h; path = ODDTimelineTableViewController.h; sourceTree = "<group>"; };
		EBF23207195C91C0003E29AC /* ODDTimelineTableViewController.m */ = {isa = PBXFileReference; fileEncoding = 4; lastKnownFileType = sourcecode.c.objc; path = ODDTimelineTableViewController.m; sourceTree = "<group>"; };
		F4DC1B69D0EB48DE9F6257FF /* libPods.a */ = {isa = PBXFileReference; explicitFileType = archive.ar; includeInIndex = 0; path = libPods.a; sourceTree = BUILT_PRODUCTS_DIR; };
/* End PBXFileReference section */

/* Begin PBXFrameworksBuildPhase section */
		D13F4C55194F6A68003873B0 /* Frameworks */ = {
			isa = PBXFrameworksBuildPhase;
			buildActionMask = 2147483647;
			files = (
				D13F4C5E194F6A68003873B0 /* CoreGraphics.framework in Frameworks */,
				D13F4C60194F6A68003873B0 /* UIKit.framework in Frameworks */,
				D13F4C5C194F6A68003873B0 /* Foundation.framework in Frameworks */,
				0B965EC9DBBC4996B5B5256B /* libPods.a in Frameworks */,
			);
			runOnlyForDeploymentPostprocessing = 0;
		};
		D13F4C70194F6A69003873B0 /* Frameworks */ = {
			isa = PBXFrameworksBuildPhase;
			buildActionMask = 2147483647;
			files = (
				D13F4C75194F6A69003873B0 /* XCTest.framework in Frameworks */,
				D13F4C77194F6A69003873B0 /* UIKit.framework in Frameworks */,
				D13F4C76194F6A69003873B0 /* Foundation.framework in Frameworks */,
			);
			runOnlyForDeploymentPostprocessing = 0;
		};
/* End PBXFrameworksBuildPhase section */

/* Begin PBXGroup section */
		C419C809195D89CD008AE325 /* Tab Icons */ = {
			isa = PBXGroup;
			children = (
				C419C80A195D89CD008AE325 /* CalendarTabSelected60.png */,
				C419C80B195D89CD008AE325 /* CalendarTabSelected60@2x.png */,
				C419C80C195D89CD008AE325 /* CalendarTabUnselected60.png */,
				C419C80D195D89CD008AE325 /* CalendarTabUnselected60@2x.png */,
				C419C80E195D89CD008AE325 /* GraphTabSelected60.png */,
				C419C80F195D89CD008AE325 /* GraphTabSelected60@2x.png */,
				C419C810195D89CD008AE325 /* GraphTabUnselected60.png */,
				C419C811195D89CD008AE325 /* GraphTabUnselected60@2x.png */,
				C419C812195D89CD008AE325 /* SettingsTabSelected60.png */,
				C419C813195D89CD008AE325 /* SettingsTabSelected60@2x.png */,
				C419C814195D89CD008AE325 /* SettingsTabUnselected60.png */,
				C419C815195D89CD008AE325 /* SettingsTabUnselected60@2x.png */,
				C419C816195D89CD008AE325 /* TodayTabSelected60.png */,
				C419C817195D89CD008AE325 /* TodayTabSelected60@2x.png */,
				C419C818195D89CD008AE325 /* TodayTabUnselected60.png */,
				C419C819195D89CD008AE325 /* TodayTabUnselected60@2x.png */,
			);
			path = "Tab Icons";
			sourceTree = "<group>";
		};
		C419C82C195DA45D008AE325 /* HappynessFaces */ = {
			isa = PBXGroup;
			children = (
				C419C82D195DA45D008AE325 /* Happyness_1.png */,
				C419C82E195DA45D008AE325 /* Happyness_1@2x.png */,
				C419C82F195DA45D008AE325 /* Happyness_2.png */,
				C419C830195DA45D008AE325 /* Happyness_2@2x.png */,
				C419C831195DA45D008AE325 /* Happyness_3.png */,
				C419C832195DA45D008AE325 /* Happyness_3@2x.png */,
				C419C833195DA45D008AE325 /* Happyness_4.png */,
				C419C834195DA45D008AE325 /* Happyness_4@2x.png */,
				C419C835195DA45D008AE325 /* Happyness_5.png */,
				C419C836195DA45D008AE325 /* Happyness_5@2x.png */,
			);
			path = HappynessFaces;
			sourceTree = "<group>";
		};
		C4669CC8194F814D00F82109 /* Models */ = {
			isa = PBXGroup;
			children = (
				C4669CCB194F81CD00F82109 /* ODDHappynessEntry.h */,
				C4669CCC194F81CD00F82109 /* ODDHappynessEntry.m */,
				C4669CCE194F823200F82109 /* ODDHappyness.h */,
				C4669CCF194F823200F82109 /* ODDHappyness.m */,
				C4669CD4194F980D00F82109 /* ODDNote.h */,
				C4669CD5194F980D00F82109 /* ODDNote.m */,
				C4669CD1194F824C00F82109 /* ODDHappynessEntryStore.h */,
				C4669CD2194F824C00F82109 /* ODDHappynessEntryStore.m */,
				EBD388481961F822000A41A1 /* ODDHappynessHeader.h */,
			);
			path = Models;
			sourceTree = "<group>";
		};
		C4669CCA194F817900F82109 /* OldControllers */ = {
			isa = PBXGroup;
			children = (
				EBE2BD55194FF0BD0023E9F4 /* ODDCustomTabBarController.h */,
				EBE2BD56194FF0BD0023E9F4 /* ODDCustomTabBarController.m */,
				EBE2BD64194FFFDB0023E9F4 /* ODDTodayViewController.h */,
				EBE2BD65194FFFDB0023E9F4 /* ODDTodayViewController.m */,
				EBE2BD66194FFFDB0023E9F4 /* ODDTodayViewController.xib */,
				EBE2BD76195000150023E9F4 /* ODDSettingsViewController.h */,
				EBE2BD77195000150023E9F4 /* ODDSettingsViewController.m */,
				EBE2BD78195000150023E9F4 /* ODDSettingsViewController.xib */,
				EBD388431961F1C8000A41A1 /* ODDPreviousDayViewController.h */,
				EBD388441961F1C8000A41A1 /* ODDPreviousDayViewController.m */,
				EBF23209195C91C7003E29AC /* CalendarViewControllers */,
			);
			path = OldControllers;
			sourceTree = "<group>";
		};
		D124B1481956518C00A9F687 /* Graphs */ = {
			isa = PBXGroup;
			children = (
				D1D4A1FD196A679200340234 /* ODDManyGraphsViewController.h */,
				D1D4A1FE196A679200340234 /* ODDManyGraphsViewController.m */,
				D124B1451956518600A9F687 /* ODDGraphViewController.h */,
				D124B1461956518600A9F687 /* ODDGraphViewController.m */,
				D175C2761965BF1F00A1E3CD /* LineGraphs */,
				D175C27A1965BF3800A1E3CD /* BarGraphs */,
			);
			path = Graphs;
			sourceTree = "<group>";
		};
		D124B14F195A78FD00A9F687 /* Graphs */ = {
			isa = PBXGroup;
			children = (
				D19767151969F53D00CF7E19 /* ODDColoredAxisView.h */,
				D19767161969F53D00CF7E19 /* ODDColoredAxisView.m */,
				D1DBDE4F19631C4C00003762 /* ODDGraphAxis.h */,
				D1DBDE5019631C4C00003762 /* ODDGraphAxis.m */,
				D124B154195A7E4700A9F687 /* ODDGraphFooterView.h */,
				D124B155195A7E4700A9F687 /* ODDGraphFooterView.m */,
				D124B157195A7E4E00A9F687 /* ODDGraphSiderView.h */,
				D124B158195A7E4F00A9F687 /* ODDGraphSiderView.m */,
			);
			path = Graphs;
			sourceTree = "<group>";
		};
		D13F4C4F194F6A68003873B0 = {
			isa = PBXGroup;
			children = (
				D13F4C61194F6A68003873B0 /* Happyness */,
				D13F4C7A194F6A69003873B0 /* HappynessTests */,
				D13F4C5A194F6A68003873B0 /* Frameworks */,
				D13F4C59194F6A68003873B0 /* Products */,
				12333AFD44A64D3197FEF77F /* Pods.xcconfig */,
			);
			sourceTree = "<group>";
		};
		D13F4C59194F6A68003873B0 /* Products */ = {
			isa = PBXGroup;
			children = (
				D13F4C58194F6A68003873B0 /* Happyness.app */,
				D13F4C73194F6A69003873B0 /* HappynessTests.xctest */,
			);
			name = Products;
			sourceTree = "<group>";
		};
		D13F4C5A194F6A68003873B0 /* Frameworks */ = {
			isa = PBXGroup;
			children = (
				D13F4C5B194F6A68003873B0 /* Foundation.framework */,
				D13F4C5D194F6A68003873B0 /* CoreGraphics.framework */,
				D13F4C5F194F6A68003873B0 /* UIKit.framework */,
				D13F4C74194F6A69003873B0 /* XCTest.framework */,
				F4DC1B69D0EB48DE9F6257FF /* libPods.a */,
			);
			name = Frameworks;
			sourceTree = "<group>";
		};
		D13F4C61194F6A68003873B0 /* Happyness */ = {
			isa = PBXGroup;
			children = (
				D13F4C6A194F6A68003873B0 /* ODDAppDelegate.h */,
				D13F4C6B194F6A68003873B0 /* ODDAppDelegate.m */,
				D13F4C6D194F6A68003873B0 /* Images.xcassets */,
				D1AAF26D1968890200332F59 /* Views */,
				D1AAF2671968869600332F59 /* Controllers */,
				C4669CC8194F814D00F82109 /* Models */,
				EBE2BD7B195009E20023E9F4 /* OldViews */,
				C4669CCA194F817900F82109 /* OldControllers */,
				EBE2BD4E194FB99E0023E9F4 /* Misc */,
				EBC8C0C2195C17A200CC1A1E /* Resources */,
				D13F4C62194F6A68003873B0 /* Supporting Files */,
			);
			path = Happyness;
			sourceTree = "<group>";
		};
		D13F4C62194F6A68003873B0 /* Supporting Files */ = {
			isa = PBXGroup;
			children = (
				D13F4C63194F6A68003873B0 /* Happyness-Info.plist */,
				D13F4C64194F6A68003873B0 /* InfoPlist.strings */,
				D13F4C67194F6A68003873B0 /* main.m */,
				D13F4C69194F6A68003873B0 /* Happyness-Prefix.pch */,
			);
			path = "Supporting Files";
			sourceTree = "<group>";
		};
		D13F4C7A194F6A69003873B0 /* HappynessTests */ = {
			isa = PBXGroup;
			children = (
				D13F4C80194F6A69003873B0 /* HappynessTests.m */,
				D13F4C7B194F6A69003873B0 /* Supporting Files */,
			);
			path = HappynessTests;
			sourceTree = "<group>";
		};
		D13F4C7B194F6A69003873B0 /* Supporting Files */ = {
			isa = PBXGroup;
			children = (
				D13F4C7C194F6A69003873B0 /* HappynessTests-Info.plist */,
				D13F4C7D194F6A69003873B0 /* InfoPlist.strings */,
			);
			path = "Supporting Files";
			sourceTree = "<group>";
		};
		D175C2761965BF1F00A1E3CD /* LineGraphs */ = {
			isa = PBXGroup;
			children = (
				D124B13F1953A20E00A9F687 /* ODDLineGraphViewController.h */,
				D124B1401953A20E00A9F687 /* ODDLineGraphViewController.m */,
				D175C2731965BF1B00A1E3CD /* ODDCurveFittingViewController.h */,
				D175C2741965BF1B00A1E3CD /* ODDCurveFittingViewController.m */,
			);
			path = LineGraphs;
			sourceTree = "<group>";
		};
		D175C27A1965BF3800A1E3CD /* BarGraphs */ = {
			isa = PBXGroup;
			children = (
				D124B1421953A21500A9F687 /* ODDBarGraphViewController.h */,
				D124B1431953A21500A9F687 /* ODDBarGraphViewController.m */,
				D175C2771965BF3500A1E3CD /* ODDDayAveragesViewController.h */,
				D175C2781965BF3500A1E3CD /* ODDDayAveragesViewController.m */,
			);
			path = BarGraphs;
			sourceTree = "<group>";
		};
		D197670F1968C79300CF7E19 /* Constants */ = {
			isa = PBXGroup;
			children = (
				D197670E1968C6B800CF7E19 /* ODDViewSizeConstants.h */,
				D19767101968C7A100CF7E19 /* ODDConstants.h */,
			);
			path = Constants;
			sourceTree = "<group>";
		};
		D1AAF2671968869600332F59 /* Controllers */ = {
			isa = PBXGroup;
			children = (
				D1AAF2641968869100332F59 /* ODDRootViewController.h */,
				D1AAF2651968869100332F59 /* ODDRootViewController.m */,
				D1F74C8A196DFF5500AF0EC6 /* ODDCardScrollViewController.h */,
				D1F74C8B196DFF5500AF0EC6 /* ODDCardScrollViewController.m */,
				D124B1481956518C00A9F687 /* Graphs */,
				EB04B0F819689FE100B8E984 /* CalendarViewController */,
			);
			path = Controllers;
			sourceTree = "<group>";
		};
		D1AAF26D1968890200332F59 /* Views */ = {
			isa = PBXGroup;
			children = (
				D1AAF26A196888FA00332F59 /* ODDRootScrollView.h */,
				D1AAF26B196888FA00332F59 /* ODDRootScrollView.m */,
				D1F74C8D196E1A4B00AF0EC6 /* ODDCardCollectionViewLayout.h */,
				D1F74C8E196E1A4B00AF0EC6 /* ODDCardCollectionViewLayout.m */,
				EB04B0FC1968BAE000B8E984 /* CalendarViews */,
				D124B14F195A78FD00A9F687 /* Graphs */,
			);
			path = Views;
			sourceTree = "<group>";
		};
		EB04B0F819689FE100B8E984 /* CalendarViewController */ = {
			isa = PBXGroup;
			children = (
				EBACA5071969127C00DBB69A /* ODDOverallCalendarViewController.h */,
				EBACA5081969127C00DBB69A /* ODDOverallCalendarViewController.m */,
				EBACA50A1969129100DBB69A /* ODDOverallCalendarViewController.xib */,
				EB658FA81951385A00A13987 /* ODDCalendarViewController.h */,
				EB658FA91951385A00A13987 /* ODDCalendarViewController.m */,
			);
			path = CalendarViewController;
			sourceTree = "<group>";
		};
		EB04B0FC1968BAE000B8E984 /* CalendarViews */ = {
			isa = PBXGroup;
			children = (
				EB994738195AA99C0095DA5B /* ODDCalendarView.h */,
				EB994739195AA99C0095DA5B /* ODDCalendarView.m */,
				EB1F9C9F195BFA8C00567A31 /* ODDCalendarRowCell.h */,
				EB1F9CA0195BFA8C00567A31 /* ODDCalendarRowCell.m */,
				EB6D6F871951695C00A1A164 /* ODDHappynessEntryView.h */,
				EB6D6F881951695C00A1A164 /* ODDHappynessEntryView.m */,
				EB12A46C19535948001F47B6 /* ODDHappynessEntryView.xib */,
			);
			path = CalendarViews;
			sourceTree = "<group>";
		};
		EB362C49195F490000F6BA76 /* Calendar */ = {
			isa = PBXGroup;
			children = (
				EB3AFE5F196A44FE00DCC571 /* decreasing@2x.png */,
				EB3AFE60196A44FE00DCC571 /* increasing@2x.png */,
				EB362C4A195F490800F6BA76 /* CalendarRow@2x.png */,
				EB362C4B195F490800F6BA76 /* CalendarRowBottom@2x.png */,
				EB362C4C195F490800F6BA76 /* oddLook_calendar_1.png */,
				EB362C4D195F490800F6BA76 /* oddLook_calendar_2.png */,
				EB362C4E195F490800F6BA76 /* oddLook_calendar_3.png */,
				EB362C4F195F490800F6BA76 /* oddLook_calendar_4.png */,
				EB362C50195F490800F6BA76 /* oddLook_calendar_5.png */,
			);
			path = Calendar;
			sourceTree = "<group>";
		};
		EBC8C0C2195C17A200CC1A1E /* Resources */ = {
			isa = PBXGroup;
			children = (
				EB362C49195F490000F6BA76 /* Calendar */,
				C419C82C195DA45D008AE325 /* HappynessFaces */,
				C419C809195D89CD008AE325 /* Tab Icons */,
			);
			path = Resources;
			sourceTree = "<group>";
		};
		EBE2BD4E194FB99E0023E9F4 /* Misc */ = {
			isa = PBXGroup;
			children = (
				D1DBDE5219646B7300003762 /* ODDDoubleArrayHolder.h */,
				D1DBDE5319646B7300003762 /* ODDDoubleArrayHolder.m */,
				EBE2BD52194FDA0D0023E9F4 /* ODDCustomColor.h */,
				EBE2BD53194FDA0D0023E9F4 /* ODDCustomColor.m */,
				EB362C46195F407A00F6BA76 /* ODDCalendarTabImageView.h */,
				EB362C47195F407A00F6BA76 /* ODDCalendarTabImageView.m */,
				D197670F1968C79300CF7E19 /* Constants */,
			);
			path = Misc;
			sourceTree = "<group>";
		};
		EBE2BD7B195009E20023E9F4 /* OldViews */ = {
			isa = PBXGroup;
			children = (
				C4854D7C19523395006F34FF /* ODDHappynessView.h */,
				C4854D7D19523395006F34FF /* ODDHappynessView.m */,
				C48A49CF195378DA009C6E59 /* ODDTodayNoteView.h */,
				C48A49D0195378DA009C6E59 /* ODDTodayNoteView.m */,
				EBF2320A195C91F1003E29AC /* CalendarViews */,
			);
			path = OldViews;
			sourceTree = "<group>";
		};
		EBF23209195C91C7003E29AC /* CalendarViewControllers */ = {
			isa = PBXGroup;
			children = (
				EBD13C2E19513F71007EF6D0 /* ODDCalendarNavigationViewController.h */,
				EBD13C2F19513F71007EF6D0 /* ODDCalendarNavigationViewController.m */,
				EBF23206195C91C0003E29AC /* ODDTimelineTableViewController.h */,
				EBF23207195C91C0003E29AC /* ODDTimelineTableViewController.m */,
			);
			path = CalendarViewControllers;
			sourceTree = "<group>";
		};
		EBF2320A195C91F1003E29AC /* CalendarViews */ = {
			isa = PBXGroup;
			children = (
			);
			path = CalendarViews;
			sourceTree = "<group>";
		};
/* End PBXGroup section */

/* Begin PBXNativeTarget section */
		D13F4C57194F6A68003873B0 /* Happyness */ = {
			isa = PBXNativeTarget;
			buildConfigurationList = D13F4C84194F6A69003873B0 /* Build configuration list for PBXNativeTarget "Happyness" */;
			buildPhases = (
				1171AEBD3AFA4E65AD3DCB9D /* Check Pods Manifest.lock */,
				D13F4C54194F6A68003873B0 /* Sources */,
				D13F4C55194F6A68003873B0 /* Frameworks */,
				D13F4C56194F6A68003873B0 /* Resources */,
				31ABD6A6CF684D0991CAC4F4 /* Copy Pods Resources */,
			);
			buildRules = (
			);
			dependencies = (
			);
			name = Happyness;
			productName = Happyness;
			productReference = D13F4C58194F6A68003873B0 /* Happyness.app */;
			productType = "com.apple.product-type.application";
		};
		D13F4C72194F6A69003873B0 /* HappynessTests */ = {
			isa = PBXNativeTarget;
			buildConfigurationList = D13F4C87194F6A69003873B0 /* Build configuration list for PBXNativeTarget "HappynessTests" */;
			buildPhases = (
				D13F4C6F194F6A69003873B0 /* Sources */,
				D13F4C70194F6A69003873B0 /* Frameworks */,
				D13F4C71194F6A69003873B0 /* Resources */,
			);
			buildRules = (
			);
			dependencies = (
				D13F4C79194F6A69003873B0 /* PBXTargetDependency */,
			);
			name = HappynessTests;
			productName = HappynessTests;
			productReference = D13F4C73194F6A69003873B0 /* HappynessTests.xctest */;
			productType = "com.apple.product-type.bundle.unit-test";
		};
/* End PBXNativeTarget section */

/* Begin PBXProject section */
		D13F4C50194F6A68003873B0 /* Project object */ = {
			isa = PBXProject;
			attributes = {
				CLASSPREFIX = ODD;
				LastUpgradeCheck = 0600;
				ORGANIZATIONNAME = OddLook;
				TargetAttributes = {
					D13F4C57194F6A68003873B0 = {
						DevelopmentTeam = 6UN3N9H6B4;
					};
					D13F4C72194F6A69003873B0 = {
						TestTargetID = D13F4C57194F6A68003873B0;
					};
				};
			};
			buildConfigurationList = D13F4C53194F6A68003873B0 /* Build configuration list for PBXProject "Happyness" */;
			compatibilityVersion = "Xcode 3.2";
			developmentRegion = English;
			hasScannedForEncodings = 0;
			knownRegions = (
				en,
			);
			mainGroup = D13F4C4F194F6A68003873B0;
			productRefGroup = D13F4C59194F6A68003873B0 /* Products */;
			projectDirPath = "";
			projectRoot = "";
			targets = (
				D13F4C57194F6A68003873B0 /* Happyness */,
				D13F4C72194F6A69003873B0 /* HappynessTests */,
			);
		};
/* End PBXProject section */

/* Begin PBXResourcesBuildPhase section */
		D13F4C56194F6A68003873B0 /* Resources */ = {
			isa = PBXResourcesBuildPhase;
			buildActionMask = 2147483647;
			files = (
				C419C83C195DA45D008AE325 /* Happyness_3@2x.png in Resources */,
				EB362C53195F490800F6BA76 /* oddLook_calendar_1.png in Resources */,
				C419C83F195DA45D008AE325 /* Happyness_5.png in Resources */,
				C419C81E195D89CD008AE325 /* GraphTabSelected60.png in Resources */,
				EBACA50B1969129100DBB69A /* ODDOverallCalendarViewController.xib in Resources */,
				C419C83E195DA45D008AE325 /* Happyness_4@2x.png in Resources */,
				C419C823195D89CD008AE325 /* SettingsTabSelected60@2x.png in Resources */,
				C419C838195DA45D008AE325 /* Happyness_1@2x.png in Resources */,
				EB3AFE62196A44FE00DCC571 /* increasing@2x.png in Resources */,
				C419C839195DA45D008AE325 /* Happyness_2.png in Resources */,
				C419C828195D89CD008AE325 /* TodayTabUnselected60.png in Resources */,
				C419C820195D89CD008AE325 /* GraphTabUnselected60.png in Resources */,
				C419C822195D89CD008AE325 /* SettingsTabSelected60.png in Resources */,
				C419C825195D89CD008AE325 /* SettingsTabUnselected60@2x.png in Resources */,
				EB362C55195F490800F6BA76 /* oddLook_calendar_3.png in Resources */,
				C419C83D195DA45D008AE325 /* Happyness_4.png in Resources */,
				D13F4C66194F6A68003873B0 /* InfoPlist.strings in Resources */,
				C419C824195D89CD008AE325 /* SettingsTabUnselected60.png in Resources */,
				C419C826195D89CD008AE325 /* TodayTabSelected60.png in Resources */,
				EB12A46D19535948001F47B6 /* ODDHappynessEntryView.xib in Resources */,
				C419C827195D89CD008AE325 /* TodayTabSelected60@2x.png in Resources */,
				C419C83B195DA45D008AE325 /* Happyness_3.png in Resources */,
				EBE2BD68194FFFDB0023E9F4 /* ODDTodayViewController.xib in Resources */,
				C419C821195D89CD008AE325 /* GraphTabUnselected60@2x.png in Resources */,
				C419C837195DA45D008AE325 /* Happyness_1.png in Resources */,
				EB362C56195F490800F6BA76 /* oddLook_calendar_4.png in Resources */,
				C419C81F195D89CD008AE325 /* GraphTabSelected60@2x.png in Resources */,
				C419C81C195D89CD008AE325 /* CalendarTabUnselected60.png in Resources */,
				EB362C57195F490800F6BA76 /* oddLook_calendar_5.png in Resources */,
				EB362C51195F490800F6BA76 /* CalendarRow@2x.png in Resources */,
				D13F4C6E194F6A68003873B0 /* Images.xcassets in Resources */,
				C419C81B195D89CD008AE325 /* CalendarTabSelected60@2x.png in Resources */,
				EB362C52195F490800F6BA76 /* CalendarRowBottom@2x.png in Resources */,
				C419C81D195D89CD008AE325 /* CalendarTabUnselected60@2x.png in Resources */,
				C419C81A195D89CD008AE325 /* CalendarTabSelected60.png in Resources */,
				EB362C54195F490800F6BA76 /* oddLook_calendar_2.png in Resources */,
				EB3AFE61196A44FE00DCC571 /* decreasing@2x.png in Resources */,
				EBE2BD7A195000150023E9F4 /* ODDSettingsViewController.xib in Resources */,
				C419C829195D89CD008AE325 /* TodayTabUnselected60@2x.png in Resources */,
				C419C83A195DA45D008AE325 /* Happyness_2@2x.png in Resources */,
				C419C840195DA45D008AE325 /* Happyness_5@2x.png in Resources */,
			);
			runOnlyForDeploymentPostprocessing = 0;
		};
		D13F4C71194F6A69003873B0 /* Resources */ = {
			isa = PBXResourcesBuildPhase;
			buildActionMask = 2147483647;
			files = (
				D13F4C7F194F6A69003873B0 /* InfoPlist.strings in Resources */,
			);
			runOnlyForDeploymentPostprocessing = 0;
		};
/* End PBXResourcesBuildPhase section */

/* Begin PBXShellScriptBuildPhase section */
		1171AEBD3AFA4E65AD3DCB9D /* Check Pods Manifest.lock */ = {
			isa = PBXShellScriptBuildPhase;
			buildActionMask = 2147483647;
			files = (
			);
			inputPaths = (
			);
			name = "Check Pods Manifest.lock";
			outputPaths = (
			);
			runOnlyForDeploymentPostprocessing = 0;
			shellPath = /bin/sh;
			shellScript = "diff \"${PODS_ROOT}/../Podfile.lock\" \"${PODS_ROOT}/Manifest.lock\" > /dev/null\nif [[ $? != 0 ]] ; then\n    cat << EOM\nerror: The sandbox is not in sync with the Podfile.lock. Run 'pod install' or update your CocoaPods installation.\nEOM\n    exit 1\nfi\n";
			showEnvVarsInLog = 0;
		};
		31ABD6A6CF684D0991CAC4F4 /* Copy Pods Resources */ = {
			isa = PBXShellScriptBuildPhase;
			buildActionMask = 2147483647;
			files = (
			);
			inputPaths = (
			);
			name = "Copy Pods Resources";
			outputPaths = (
			);
			runOnlyForDeploymentPostprocessing = 0;
			shellPath = /bin/sh;
			shellScript = "\"${SRCROOT}/Pods/Pods-resources.sh\"\n";
			showEnvVarsInLog = 0;
		};
/* End PBXShellScriptBuildPhase section */

/* Begin PBXSourcesBuildPhase section */
		D13F4C54194F6A68003873B0 /* Sources */ = {
			isa = PBXSourcesBuildPhase;
			buildActionMask = 2147483647;
			files = (
				EBD13C3019513F71007EF6D0 /* ODDCalendarNavigationViewController.m in Sources */,
				EB6D6F891951695C00A1A164 /* ODDHappynessEntryView.m in Sources */,
				EBD388461961F1C8000A41A1 /* ODDPreviousDayViewController.m in Sources */,
				C48A49D1195378DA009C6E59 /* ODDTodayNoteView.m in Sources */,
				EBE2BD79195000150023E9F4 /* ODDSettingsViewController.m in Sources */,
				EBE2BD57194FF0BD0023E9F4 /* ODDCustomTabBarController.m in Sources */,
				D175C2791965BF3500A1E3CD /* ODDDayAveragesViewController.m in Sources */,
				D1DBDE5119631C4C00003762 /* ODDGraphAxis.m in Sources */,
				C4669CD6194F980D00F82109 /* ODDNote.m in Sources */,
				C4669CD0194F823200F82109 /* ODDHappyness.m in Sources */,
				D19767171969F53D00CF7E19 /* ODDColoredAxisView.m in Sources */,
				D124B1441953A21500A9F687 /* ODDBarGraphViewController.m in Sources */,
				EB99473A195AA99C0095DA5B /* ODDCalendarView.m in Sources */,
				C4669CCD194F81CD00F82109 /* ODDHappynessEntry.m in Sources */,
				D1AAF2661968869100332F59 /* ODDRootViewController.m in Sources */,
				EB658FAA1951385A00A13987 /* ODDCalendarViewController.m in Sources */,
				D124B156195A7E4700A9F687 /* ODDGraphFooterView.m in Sources */,
				D1F74C8C196DFF5500AF0EC6 /* ODDCardScrollViewController.m in Sources */,
				C4669CD3194F824C00F82109 /* ODDHappynessEntryStore.m in Sources */,
				EBE2BD54194FDA0D0023E9F4 /* ODDCustomColor.m in Sources */,
				D1DBDE5419646B7300003762 /* ODDDoubleArrayHolder.m in Sources */,
				D13F4C6C194F6A68003873B0 /* ODDAppDelegate.m in Sources */,
				D175C2751965BF1B00A1E3CD /* ODDCurveFittingViewController.m in Sources */,
				D124B1411953A20E00A9F687 /* ODDLineGraphViewController.m in Sources */,
				EBACA5091969127C00DBB69A /* ODDOverallCalendarViewController.m in Sources */,
				D124B159195A7E4F00A9F687 /* ODDGraphSiderView.m in Sources */,
				D1F74C8F196E1A4B00AF0EC6 /* ODDCardCollectionViewLayout.m in Sources */,
				EB1F9CA1195BFA8C00567A31 /* ODDCalendarRowCell.m in Sources */,
				EBF23208195C91C0003E29AC /* ODDTimelineTableViewController.m in Sources */,
				D1AAF26C196888FA00332F59 /* ODDRootScrollView.m in Sources */,
				D1D4A1FF196A679200340234 /* ODDManyGraphsViewController.m in Sources */,
				EBE2BD67194FFFDB0023E9F4 /* ODDTodayViewController.m in Sources */,
				D124B1471956518600A9F687 /* ODDGraphViewController.m in Sources */,
				C4854D7E19523395006F34FF /* ODDHappynessView.m in Sources */,
				D13F4C68194F6A68003873B0 /* main.m in Sources */,
				EB362C48195F407A00F6BA76 /* ODDCalendarTabImageView.m in Sources */,
			);
			runOnlyForDeploymentPostprocessing = 0;
		};
		D13F4C6F194F6A69003873B0 /* Sources */ = {
			isa = PBXSourcesBuildPhase;
			buildActionMask = 2147483647;
			files = (
				D13F4C81194F6A69003873B0 /* HappynessTests.m in Sources */,
			);
			runOnlyForDeploymentPostprocessing = 0;
		};
/* End PBXSourcesBuildPhase section */

/* Begin PBXTargetDependency section */
		D13F4C79194F6A69003873B0 /* PBXTargetDependency */ = {
			isa = PBXTargetDependency;
			target = D13F4C57194F6A68003873B0 /* Happyness */;
			targetProxy = D13F4C78194F6A69003873B0 /* PBXContainerItemProxy */;
		};
/* End PBXTargetDependency section */

/* Begin PBXVariantGroup section */
		D13F4C64194F6A68003873B0 /* InfoPlist.strings */ = {
			isa = PBXVariantGroup;
			children = (
				D13F4C65194F6A68003873B0 /* en */,
			);
			name = InfoPlist.strings;
			sourceTree = "<group>";
		};
		D13F4C7D194F6A69003873B0 /* InfoPlist.strings */ = {
			isa = PBXVariantGroup;
			children = (
				D13F4C7E194F6A69003873B0 /* en */,
			);
			name = InfoPlist.strings;
			sourceTree = "<group>";
		};
/* End PBXVariantGroup section */

/* Begin XCBuildConfiguration section */
		D13F4C82194F6A69003873B0 /* Debug */ = {
			isa = XCBuildConfiguration;
			buildSettings = {
				ALWAYS_SEARCH_USER_PATHS = NO;
				CLANG_CXX_LANGUAGE_STANDARD = "gnu++0x";
				CLANG_CXX_LIBRARY = "libc++";
				CLANG_ENABLE_MODULES = YES;
				CLANG_ENABLE_OBJC_ARC = YES;
				CLANG_WARN_BOOL_CONVERSION = YES;
				CLANG_WARN_CONSTANT_CONVERSION = YES;
				CLANG_WARN_DIRECT_OBJC_ISA_USAGE = YES_ERROR;
				CLANG_WARN_EMPTY_BODY = YES;
				CLANG_WARN_ENUM_CONVERSION = YES;
				CLANG_WARN_INT_CONVERSION = YES;
				CLANG_WARN_OBJC_ROOT_CLASS = YES_ERROR;
				CLANG_WARN__DUPLICATE_METHOD_MATCH = YES;
				"CODE_SIGN_IDENTITY[sdk=iphoneos*]" = "iPhone Developer";
				COPY_PHASE_STRIP = NO;
				GCC_C_LANGUAGE_STANDARD = gnu99;
				GCC_DYNAMIC_NO_PIC = NO;
				GCC_OPTIMIZATION_LEVEL = 0;
				GCC_PREPROCESSOR_DEFINITIONS = (
					"DEBUG=1",
					"$(inherited)",
				);
				GCC_SYMBOLS_PRIVATE_EXTERN = NO;
				GCC_WARN_64_TO_32_BIT_CONVERSION = YES;
				GCC_WARN_ABOUT_RETURN_TYPE = YES_ERROR;
				GCC_WARN_UNDECLARED_SELECTOR = YES;
				GCC_WARN_UNINITIALIZED_AUTOS = YES_AGGRESSIVE;
				GCC_WARN_UNUSED_FUNCTION = YES;
				GCC_WARN_UNUSED_VARIABLE = YES;
				IPHONEOS_DEPLOYMENT_TARGET = 7.1;
				ONLY_ACTIVE_ARCH = YES;
				SDKROOT = iphoneos;
			};
			name = Debug;
		};
		D13F4C83194F6A69003873B0 /* Release */ = {
			isa = XCBuildConfiguration;
			buildSettings = {
				ALWAYS_SEARCH_USER_PATHS = NO;
				CLANG_CXX_LANGUAGE_STANDARD = "gnu++0x";
				CLANG_CXX_LIBRARY = "libc++";
				CLANG_ENABLE_MODULES = YES;
				CLANG_ENABLE_OBJC_ARC = YES;
				CLANG_WARN_BOOL_CONVERSION = YES;
				CLANG_WARN_CONSTANT_CONVERSION = YES;
				CLANG_WARN_DIRECT_OBJC_ISA_USAGE = YES_ERROR;
				CLANG_WARN_EMPTY_BODY = YES;
				CLANG_WARN_ENUM_CONVERSION = YES;
				CLANG_WARN_INT_CONVERSION = YES;
				CLANG_WARN_OBJC_ROOT_CLASS = YES_ERROR;
				CLANG_WARN__DUPLICATE_METHOD_MATCH = YES;
				"CODE_SIGN_IDENTITY[sdk=iphoneos*]" = "iPhone Developer";
				COPY_PHASE_STRIP = YES;
				ENABLE_NS_ASSERTIONS = NO;
				GCC_C_LANGUAGE_STANDARD = gnu99;
				GCC_WARN_64_TO_32_BIT_CONVERSION = YES;
				GCC_WARN_ABOUT_RETURN_TYPE = YES_ERROR;
				GCC_WARN_UNDECLARED_SELECTOR = YES;
				GCC_WARN_UNINITIALIZED_AUTOS = YES_AGGRESSIVE;
				GCC_WARN_UNUSED_FUNCTION = YES;
				GCC_WARN_UNUSED_VARIABLE = YES;
				IPHONEOS_DEPLOYMENT_TARGET = 7.1;
				SDKROOT = iphoneos;
				VALIDATE_PRODUCT = YES;
			};
			name = Release;
		};
		D13F4C85194F6A69003873B0 /* Debug */ = {
			isa = XCBuildConfiguration;
			baseConfigurationReference = 12333AFD44A64D3197FEF77F /* Pods.xcconfig */;
			buildSettings = {
				ASSETCATALOG_COMPILER_APPICON_NAME = AppIcon;
				ASSETCATALOG_COMPILER_LAUNCHIMAGE_NAME = LaunchImage;
				CODE_SIGN_IDENTITY = "iPhone Developer";
				"CODE_SIGN_IDENTITY[sdk=iphoneos*]" = "iPhone Developer";
				GCC_PRECOMPILE_PREFIX_HEADER = YES;
				GCC_PREFIX_HEADER = "Happyness/Supporting Files/Happyness-Prefix.pch";
				INFOPLIST_FILE = "Happyness/Supporting Files/Happyness-Info.plist";
				IPHONEOS_DEPLOYMENT_TARGET = 8.0;
				PRODUCT_NAME = "$(TARGET_NAME)";
				PROVISIONING_PROFILE = "";
				TARGETED_DEVICE_FAMILY = 1;
				WRAPPER_EXTENSION = app;
			};
			name = Debug;
		};
		D13F4C86194F6A69003873B0 /* Release */ = {
			isa = XCBuildConfiguration;
			baseConfigurationReference = 12333AFD44A64D3197FEF77F /* Pods.xcconfig */;
			buildSettings = {
				ASSETCATALOG_COMPILER_APPICON_NAME = AppIcon;
				ASSETCATALOG_COMPILER_LAUNCHIMAGE_NAME = LaunchImage;
				CODE_SIGN_IDENTITY = "iPhone Developer";
				"CODE_SIGN_IDENTITY[sdk=iphoneos*]" = "iPhone Developer";
				GCC_PRECOMPILE_PREFIX_HEADER = YES;
				GCC_PREFIX_HEADER = "Happyness/Supporting Files/Happyness-Prefix.pch";
				INFOPLIST_FILE = "Happyness/Supporting Files/Happyness-Info.plist";
				IPHONEOS_DEPLOYMENT_TARGET = 8.0;
				PRODUCT_NAME = "$(TARGET_NAME)";
				PROVISIONING_PROFILE = "";
				TARGETED_DEVICE_FAMILY = 1;
				WRAPPER_EXTENSION = app;
			};
			name = Release;
		};
		D13F4C88194F6A69003873B0 /* Debug */ = {
			isa = XCBuildConfiguration;
			buildSettings = {
				BUNDLE_LOADER = "$(BUILT_PRODUCTS_DIR)/Happyness.app/Happyness";
				FRAMEWORK_SEARCH_PATHS = (
					"$(SDKROOT)/Developer/Library/Frameworks",
					"$(inherited)",
					"$(DEVELOPER_FRAMEWORKS_DIR)",
				);
				GCC_PRECOMPILE_PREFIX_HEADER = YES;
				GCC_PREFIX_HEADER = "Happyness/Supporting Files/Happyness-Prefix.pch";
				GCC_PREPROCESSOR_DEFINITIONS = (
					"DEBUG=1",
					"$(inherited)",
				);
				INFOPLIST_FILE = "HappynessTests/Supporting Files/HappynessTests-Info.plist";
				PRODUCT_NAME = "$(TARGET_NAME)";
				TEST_HOST = "$(BUNDLE_LOADER)";
				WRAPPER_EXTENSION = xctest;
			};
			name = Debug;
		};
		D13F4C89194F6A69003873B0 /* Release */ = {
			isa = XCBuildConfiguration;
			buildSettings = {
				BUNDLE_LOADER = "$(BUILT_PRODUCTS_DIR)/Happyness.app/Happyness";
				FRAMEWORK_SEARCH_PATHS = (
					"$(SDKROOT)/Developer/Library/Frameworks",
					"$(inherited)",
					"$(DEVELOPER_FRAMEWORKS_DIR)",
				);
				GCC_PRECOMPILE_PREFIX_HEADER = YES;
				GCC_PREFIX_HEADER = "Happyness/Supporting Files/Happyness-Prefix.pch";
				INFOPLIST_FILE = "HappynessTests/Supporting Files/HappynessTests-Info.plist";
				PRODUCT_NAME = "$(TARGET_NAME)";
				TEST_HOST = "$(BUNDLE_LOADER)";
				WRAPPER_EXTENSION = xctest;
			};
			name = Release;
		};
/* End XCBuildConfiguration section */

/* Begin XCConfigurationList section */
		D13F4C53194F6A68003873B0 /* Build configuration list for PBXProject "Happyness" */ = {
			isa = XCConfigurationList;
			buildConfigurations = (
				D13F4C82194F6A69003873B0 /* Debug */,
				D13F4C83194F6A69003873B0 /* Release */,
			);
			defaultConfigurationIsVisible = 0;
			defaultConfigurationName = Release;
		};
		D13F4C84194F6A69003873B0 /* Build configuration list for PBXNativeTarget "Happyness" */ = {
			isa = XCConfigurationList;
			buildConfigurations = (
				D13F4C85194F6A69003873B0 /* Debug */,
				D13F4C86194F6A69003873B0 /* Release */,
			);
			defaultConfigurationIsVisible = 0;
			defaultConfigurationName = Release;
		};
		D13F4C87194F6A69003873B0 /* Build configuration list for PBXNativeTarget "HappynessTests" */ = {
			isa = XCConfigurationList;
			buildConfigurations = (
				D13F4C88194F6A69003873B0 /* Debug */,
				D13F4C89194F6A69003873B0 /* Release */,
			);
			defaultConfigurationIsVisible = 0;
			defaultConfigurationName = Release;
		};
/* End XCConfigurationList section */
	};
	rootObject = D13F4C50194F6A68003873B0 /* Project object */;
}
